
Microsoft Visual Studio Solution File, Format Version 12.00
# Visual Studio 2013
VisualStudioVersion = 12.0.31101.0
MinimumVisualStudioVersion = 10.0.40219.1
Project("{FAE04EC0-301F-11D3-BF4B-00C04F79EFBC}") = "AHCWebDeveloperExam", "AHCWebDeveloperExam\AHCWebDeveloperExam.csproj", "{03E23713-372D-45FA-BDC3-2B1BDE91FEC5}"
EndProject
Project("{FAE04EC0-301F-11D3-BF4B-00C04F79EFBC}") = "AHCWebDeveloperExam.Tests", "AHCWebDeveloperExam.Tests\AHCWebDeveloperExam.Tests.csproj", "{5E890148-BE78-4345-B07A-801A45A36EE3}"
EndProject
Global
	GlobalSection(SolutionConfigurationPlatforms) = preSolution
		Debug|Any CPU = Debug|Any CPU
		Release|Any CPU = Release|Any CPU
	EndGlobalSection
	GlobalSection(ProjectConfigurationPlatforms) = postSolution
		{03E23713-372D-45FA-BDC3-2B1BDE91FEC5}.Debug|Any CPU.ActiveCfg = Debug|Any CPU
		{03E23713-372D-45FA-BDC3-2B1BDE91FEC5}.Debug|Any CPU.Build.0 = Debug|Any CPU
		{03E23713-372D-45FA-BDC3-2B1BDE91FEC5}.Release|Any CPU.ActiveCfg = Release|Any CPU
		{03E23713-372D-45FA-BDC3-2B1BDE91FEC5}.Release|Any CPU.Build.0 = Release|Any CPU
		{5E890148-BE78-4345-B07A-801A45A36EE3}.Debug|Any CPU.ActiveCfg = Debug|Any CPU
		{5E890148-BE78-4345-B07A-801A45A36EE3}.Debug|Any CPU.Build.0 = Debug|Any CPU
		{5E890148-BE78-4345-B07A-801A45A36EE3}.Release|Any CPU.ActiveCfg = Release|Any CPU
		{5E890148-BE78-4345-B07A-801A45A36EE3}.Release|Any CPU.Build.0 = Release|Any CPU
	EndGlobalSection
	GlobalSection(SolutionProperties) = preSolution
		HideSolutionNode = FALSE
	EndGlobalSection
EndGlobal
